
Microsoft Visual Studio Solution File, Format Version 12.00
# Visual Studio Version 17
VisualStudioVersion = 17.14.36221.1
MinimumVisualStudioVersion = 10.0.40219.1
Project("{FAE04EC0-301F-11D3-BF4B-00C04F79EFBC}") = "Work1", "Work1\Work1.csproj", "{77DFDE72-8173-4783-B1DD-CABBB42EB0A6}"
EndProject
Project("{FAE04EC0-301F-11D3-BF4B-00C04F79EFBC}") = "ViewModel", "ViewModel\ViewModel.csproj", "{3B9F532A-2523-44BF-A933-85FCABAB534A}"
EndProject
Project("{FAE04EC0-301F-11D3-BF4B-00C04F79EFBC}") = "Repository", "Repository\Repository.csproj", "{440D6EE7-5036-465A-8FF6-A80EEB2C6FC9}"
EndProject
Project("{FAE04EC0-301F-11D3-BF4B-00C04F79EFBC}") = "Service", "Service\Service.csproj", "{0C155DAF-F4C0-4CDA-9744-6A87C0EBD0BA}"
EndProject
Global
	GlobalSection(SolutionConfigurationPlatforms) = preSolution
		Debug|Any CPU = Debug|Any CPU
		Release|Any CPU = Release|Any CPU
	EndGlobalSection
	GlobalSection(ProjectConfigurationPlatforms) = postSolution
		{77DFDE72-8173-4783-B1DD-CABBB42EB0A6}.Debug|Any CPU.ActiveCfg = Debug|Any CPU
		{77DFDE72-8173-4783-B1DD-CABBB42EB0A6}.Debug|Any CPU.Build.0 = Debug|Any CPU
		{77DFDE72-8173-4783-B1DD-CABBB42EB0A6}.Release|Any CPU.ActiveCfg = Release|Any CPU
		{77DFDE72-8173-4783-B1DD-CABBB42EB0A6}.Release|Any CPU.Build.0 = Release|Any CPU
		{3B9F532A-2523-44BF-A933-85FCABAB534A}.Debug|Any CPU.ActiveCfg = Debug|Any CPU
		{3B9F532A-2523-44BF-A933-85FCABAB534A}.Debug|Any CPU.Build.0 = Debug|Any CPU
		{3B9F532A-2523-44BF-A933-85FCABAB534A}.Release|Any CPU.ActiveCfg = Release|Any CPU
		{3B9F532A-2523-44BF-A933-85FCABAB534A}.Release|Any CPU.Build.0 = Release|Any CPU
		{440D6EE7-5036-465A-8FF6-A80EEB2C6FC9}.Debug|Any CPU.ActiveCfg = Debug|Any CPU
		{440D6EE7-5036-465A-8FF6-A80EEB2C6FC9}.Debug|Any CPU.Build.0 = Debug|Any CPU
		{440D6EE7-5036-465A-8FF6-A80EEB2C6FC9}.Release|Any CPU.ActiveCfg = Release|Any CPU
		{440D6EE7-5036-465A-8FF6-A80EEB2C6FC9}.Release|Any CPU.Build.0 = Release|Any CPU
		{0C155DAF-F4C0-4CDA-9744-6A87C0EBD0BA}.Debug|Any CPU.ActiveCfg = Debug|Any CPU
		{0C155DAF-F4C0-4CDA-9744-6A87C0EBD0BA}.Debug|Any CPU.Build.0 = Debug|Any CPU
		{0C155DAF-F4C0-4CDA-9744-6A87C0EBD0BA}.Release|Any CPU.ActiveCfg = Release|Any CPU
		{0C155DAF-F4C0-4CDA-9744-6A87C0EBD0BA}.Release|Any CPU.Build.0 = Release|Any CPU
	EndGlobalSection
	GlobalSection(SolutionProperties) = preSolution
		HideSolutionNode = FALSE
	EndGlobalSection
	GlobalSection(ExtensibilityGlobals) = postSolution
		SolutionGuid = {D64A7F94-FB62-4DB0-8816-9CAD70120340}
	EndGlobalSection
EndGlobal
